{
  "name": "contact-manager",
  "version": "1.0.0",
  "description": "Simple Contact Management CRUD App",
  "main": "app.js",
  "engines": {
    "node": "18.x"
  },
  "scripts": {
    "start": "node app.js",
    "test": "jest"
  },
  "dependencies": {
    "express": "^4.22.1",
    "morgan": "^1.10.1"
  },
  "devDependencies": {
    "jest": "^29.7.0",
    "supertest": "^6.3.4"
  }
}
